
Microsoft Visual Studio Solution File, Format Version 12.00
# Visual Studio Version 17
VisualStudioVersion = 17.6.33829.357
MinimumVisualStudioVersion = 10.0.40219.1
Project("{FAE04EC0-301F-11D3-BF4B-00C04F79EFBC}") = "DataTypesApp", "DataTypesApp\DataTypesApp.csproj", "{B9680B95-95FA-4A76-BC37-0F12CF61D9CD}"
EndProject
Global
	GlobalSection(SolutionConfigurationPlatforms) = preSolution
		Debug|Any CPU = Debug|Any CPU
		Release|Any CPU = Release|Any CPU
	EndGlobalSection
	GlobalSection(ProjectConfigurationPlatforms) = postSolution
		{B9680B95-95FA-4A76-BC37-0F12CF61D9CD}.Debug|Any CPU.ActiveCfg = Debug|Any CPU
		{B9680B95-95FA-4A76-BC37-0F12CF61D9CD}.Debug|Any CPU.Build.0 = Debug|Any CPU
		{B9680B95-95FA-4A76-BC37-0F12CF61D9CD}.Release|Any CPU.ActiveCfg = Release|Any CPU
		{B9680B95-95FA-4A76-BC37-0F12CF61D9CD}.Release|Any CPU.Build.0 = Release|Any CPU
	EndGlobalSection
	GlobalSection(SolutionProperties) = preSolution
		HideSolutionNode = FALSE
	EndGlobalSection
	GlobalSection(ExtensibilityGlobals) = postSolution
		SolutionGuid = {7498D727-DBC0-4073-B6F2-D99BEE1B3EB6}
	EndGlobalSection
EndGlobal
